
Microsoft Visual Studio Solution File, Format Version 12.00
# Visual Studio Version 17
VisualStudioVersion = 17.11.35327.3
MinimumVisualStudioVersion = 10.0.40219.1
Project("{FAE04EC0-301F-11D3-BF4B-00C04F79EFBC}") = "Shop_KT1", "Shop_KT1\Shop_KT1.csproj", "{58A269CB-6475-4706-83B3-6C4C22A9B025}"
EndProject
Global
	GlobalSection(SolutionConfigurationPlatforms) = preSolution
		Debug|Any CPU = Debug|Any CPU
		Release|Any CPU = Release|Any CPU
	EndGlobalSection
	GlobalSection(ProjectConfigurationPlatforms) = postSolution
		{58A269CB-6475-4706-83B3-6C4C22A9B025}.Debug|Any CPU.ActiveCfg = Debug|Any CPU
		{58A269CB-6475-4706-83B3-6C4C22A9B025}.Debug|Any CPU.Build.0 = Debug|Any CPU
		{58A269CB-6475-4706-83B3-6C4C22A9B025}.Release|Any CPU.ActiveCfg = Release|Any CPU
		{58A269CB-6475-4706-83B3-6C4C22A9B025}.Release|Any CPU.Build.0 = Release|Any CPU
	EndGlobalSection
	GlobalSection(SolutionProperties) = preSolution
		HideSolutionNode = FALSE
	EndGlobalSection
	GlobalSection(ExtensibilityGlobals) = postSolution
		SolutionGuid = {DA5DAF77-D387-4DB5-BF6D-F825290A5BD8}
	EndGlobalSection
EndGlobal
